
Microsoft Visual Studio Solution File, Format Version 12.00
# Visual Studio 15
VisualStudioVersion = 15.0.28307.960
MinimumVisualStudioVersion = 10.0.40219.1
Project("{9A19103F-16F7-4668-BE54-9A1E7A4F7556}") = "SportsClub", "SportsClub\SportsClub.csproj", "{92170390-7373-4B83-9B2C-F3E576D1CD82}"
EndProject
Project("{9A19103F-16F7-4668-BE54-9A1E7A4F7556}") = "SportsClubTests", "SportsClubTests\SportsClubTests.csproj", "{936E7267-4ADB-4F5E-8953-34D98941BA60}"
EndProject
Global
	GlobalSection(SolutionConfigurationPlatforms) = preSolution
		Debug|Any CPU = Debug|Any CPU
		Release|Any CPU = Release|Any CPU
	EndGlobalSection
	GlobalSection(ProjectConfigurationPlatforms) = postSolution
		{92170390-7373-4B83-9B2C-F3E576D1CD82}.Debug|Any CPU.ActiveCfg = Debug|Any CPU
		{92170390-7373-4B83-9B2C-F3E576D1CD82}.Debug|Any CPU.Build.0 = Debug|Any CPU
		{92170390-7373-4B83-9B2C-F3E576D1CD82}.Release|Any CPU.ActiveCfg = Release|Any CPU
		{92170390-7373-4B83-9B2C-F3E576D1CD82}.Release|Any CPU.Build.0 = Release|Any CPU
		{936E7267-4ADB-4F5E-8953-34D98941BA60}.Debug|Any CPU.ActiveCfg = Debug|Any CPU
		{936E7267-4ADB-4F5E-8953-34D98941BA60}.Debug|Any CPU.Build.0 = Debug|Any CPU
		{936E7267-4ADB-4F5E-8953-34D98941BA60}.Release|Any CPU.ActiveCfg = Release|Any CPU
		{936E7267-4ADB-4F5E-8953-34D98941BA60}.Release|Any CPU.Build.0 = Release|Any CPU
	EndGlobalSection
	GlobalSection(SolutionProperties) = preSolution
		HideSolutionNode = FALSE
	EndGlobalSection
	GlobalSection(ExtensibilityGlobals) = postSolution
		SolutionGuid = {54EB2955-B84B-4E17-925C-7D86ACF44E7F}
	EndGlobalSection
EndGlobal
